
Microsoft Visual Studio Solution File, Format Version 12.00
# Visual Studio 15
VisualStudioVersion = 15.0.27413.0
MinimumVisualStudioVersion = 10.0.40219.1
Project("{FAE04EC0-301F-11D3-BF4B-00C04F79EFBC}") = "Inheritancee", "Inheritancee\Inheritancee.csproj", "{E04DF44A-4F80-4DA5-B601-FF2A710C7D85}"
EndProject
Global
	GlobalSection(SolutionConfigurationPlatforms) = preSolution
		Debug|Any CPU = Debug|Any CPU
		Release|Any CPU = Release|Any CPU
	EndGlobalSection
	GlobalSection(ProjectConfigurationPlatforms) = postSolution
		{E04DF44A-4F80-4DA5-B601-FF2A710C7D85}.Debug|Any CPU.ActiveCfg = Debug|Any CPU
		{E04DF44A-4F80-4DA5-B601-FF2A710C7D85}.Debug|Any CPU.Build.0 = Debug|Any CPU
		{E04DF44A-4F80-4DA5-B601-FF2A710C7D85}.Release|Any CPU.ActiveCfg = Release|Any CPU
		{E04DF44A-4F80-4DA5-B601-FF2A710C7D85}.Release|Any CPU.Build.0 = Release|Any CPU
	EndGlobalSection
	GlobalSection(SolutionProperties) = preSolution
		HideSolutionNode = FALSE
	EndGlobalSection
	GlobalSection(ExtensibilityGlobals) = postSolution
		SolutionGuid = {67379D29-BD9A-454F-AD7D-974EA708D3AD}
	EndGlobalSection
EndGlobal
