
Microsoft Visual Studio Solution File, Format Version 12.00
# Visual Studio 15
VisualStudioVersion = 15.0.27413.0
MinimumVisualStudioVersion = 10.0.40219.1
Project("{FAE04EC0-301F-11D3-BF4B-00C04F79EFBC}") = "BreadthAndDepthFirst", "BreadthAndDepthFirst\BreadthAndDepthFirst.csproj", "{26C04FC1-8686-4818-8614-1B0D0618654C}"
EndProject
Project("{FAE04EC0-301F-11D3-BF4B-00C04F79EFBC}") = "LabMaze", "LabMaze\LabMaze.csproj", "{6C0A457D-8808-46D8-8E6B-DF3DAB861592}"
EndProject
Global
	GlobalSection(SolutionConfigurationPlatforms) = preSolution
		Debug|Any CPU = Debug|Any CPU
		Release|Any CPU = Release|Any CPU
	EndGlobalSection
	GlobalSection(ProjectConfigurationPlatforms) = postSolution
		{26C04FC1-8686-4818-8614-1B0D0618654C}.Debug|Any CPU.ActiveCfg = Debug|Any CPU
		{26C04FC1-8686-4818-8614-1B0D0618654C}.Debug|Any CPU.Build.0 = Debug|Any CPU
		{26C04FC1-8686-4818-8614-1B0D0618654C}.Release|Any CPU.ActiveCfg = Release|Any CPU
		{26C04FC1-8686-4818-8614-1B0D0618654C}.Release|Any CPU.Build.0 = Release|Any CPU
		{6C0A457D-8808-46D8-8E6B-DF3DAB861592}.Debug|Any CPU.ActiveCfg = Debug|Any CPU
		{6C0A457D-8808-46D8-8E6B-DF3DAB861592}.Debug|Any CPU.Build.0 = Debug|Any CPU
		{6C0A457D-8808-46D8-8E6B-DF3DAB861592}.Release|Any CPU.ActiveCfg = Release|Any CPU
		{6C0A457D-8808-46D8-8E6B-DF3DAB861592}.Release|Any CPU.Build.0 = Release|Any CPU
	EndGlobalSection
	GlobalSection(SolutionProperties) = preSolution
		HideSolutionNode = FALSE
	EndGlobalSection
	GlobalSection(ExtensibilityGlobals) = postSolution
		SolutionGuid = {4598662A-B7AA-47DE-905E-F1748FA02195}
	EndGlobalSection
EndGlobal
